
Microsoft Visual Studio Solution File, Format Version 12.00
# Visual Studio Version 17
VisualStudioVersion = 17.7.34202.233
MinimumVisualStudioVersion = 10.0.40219.1
Project("{2150E333-8FDC-42A3-9474-1A3956D46DE8}") = "src", "src", "{20EE59CE-473D-482C-9873-4373EA4F8850}"
EndProject
Project("{2150E333-8FDC-42A3-9474-1A3956D46DE8}") = "test", "test", "{F01B61E3-05C5-4DB9-9118-CCB3999FD839}"
EndProject
Project("{FAE04EC0-301F-11D3-BF4B-00C04F79EFBC}") = "RoomBooking.Core.Test", "test\RoomBooking.Core.Test\RoomBooking.Core.Test.csproj", "{6F548654-23D8-4293-892A-5572E6D0A0E4}"
EndProject
Project("{FAE04EC0-301F-11D3-BF4B-00C04F79EFBC}") = "RoomBooking.Core", "src\RoomBooking.Core\RoomBooking.Core.csproj", "{78D249B3-F8A1-4879-AB42-4EDAE90F2AE4}"
EndProject
Project("{FAE04EC0-301F-11D3-BF4B-00C04F79EFBC}") = "RoomBooking.Persistence.Test", "test\RoomBooking.Persistence.Test\RoomBooking.Persistence.Test.csproj", "{EE884736-C26D-4931-A2C5-CB2BC6857D5B}"
EndProject
Project("{FAE04EC0-301F-11D3-BF4B-00C04F79EFBC}") = "RoomBooking.Persistence", "src\RoomBooking.Persistence\RoomBooking.Persistence.csproj", "{53A94847-EB38-411F-9875-D125C285E080}"
EndProject
Project("{FAE04EC0-301F-11D3-BF4B-00C04F79EFBC}") = "RoomBooking.Api.Test", "test\RoomBooking.Api.Test\RoomBooking.Api.Test.csproj", "{259180DA-CAB9-4CE5-BFF4-A8691CF2B77F}"
EndProject
Project("{FAE04EC0-301F-11D3-BF4B-00C04F79EFBC}") = "RoomBooking.Api", "src\RoomBooking.Api\RoomBooking.Api.csproj", "{B3687850-6070-45B6-9B53-33325A00294B}"
EndProject
Global
	GlobalSection(SolutionConfigurationPlatforms) = preSolution
		Debug|Any CPU = Debug|Any CPU
		Release|Any CPU = Release|Any CPU
	EndGlobalSection
	GlobalSection(ProjectConfigurationPlatforms) = postSolution
		{6F548654-23D8-4293-892A-5572E6D0A0E4}.Debug|Any CPU.ActiveCfg = Debug|Any CPU
		{6F548654-23D8-4293-892A-5572E6D0A0E4}.Debug|Any CPU.Build.0 = Debug|Any CPU
		{6F548654-23D8-4293-892A-5572E6D0A0E4}.Release|Any CPU.ActiveCfg = Release|Any CPU
		{6F548654-23D8-4293-892A-5572E6D0A0E4}.Release|Any CPU.Build.0 = Release|Any CPU
		{78D249B3-F8A1-4879-AB42-4EDAE90F2AE4}.Debug|Any CPU.ActiveCfg = Debug|Any CPU
		{78D249B3-F8A1-4879-AB42-4EDAE90F2AE4}.Debug|Any CPU.Build.0 = Debug|Any CPU
		{78D249B3-F8A1-4879-AB42-4EDAE90F2AE4}.Release|Any CPU.ActiveCfg = Release|Any CPU
		{78D249B3-F8A1-4879-AB42-4EDAE90F2AE4}.Release|Any CPU.Build.0 = Release|Any CPU
		{EE884736-C26D-4931-A2C5-CB2BC6857D5B}.Debug|Any CPU.ActiveCfg = Debug|Any CPU
		{EE884736-C26D-4931-A2C5-CB2BC6857D5B}.Debug|Any CPU.Build.0 = Debug|Any CPU
		{EE884736-C26D-4931-A2C5-CB2BC6857D5B}.Release|Any CPU.ActiveCfg = Release|Any CPU
		{EE884736-C26D-4931-A2C5-CB2BC6857D5B}.Release|Any CPU.Build.0 = Release|Any CPU
		{53A94847-EB38-411F-9875-D125C285E080}.Debug|Any CPU.ActiveCfg = Debug|Any CPU
		{53A94847-EB38-411F-9875-D125C285E080}.Debug|Any CPU.Build.0 = Debug|Any CPU
		{53A94847-EB38-411F-9875-D125C285E080}.Release|Any CPU.ActiveCfg = Release|Any CPU
		{53A94847-EB38-411F-9875-D125C285E080}.Release|Any CPU.Build.0 = Release|Any CPU
		{259180DA-CAB9-4CE5-BFF4-A8691CF2B77F}.Debug|Any CPU.ActiveCfg = Debug|Any CPU
		{259180DA-CAB9-4CE5-BFF4-A8691CF2B77F}.Debug|Any CPU.Build.0 = Debug|Any CPU
		{259180DA-CAB9-4CE5-BFF4-A8691CF2B77F}.Release|Any CPU.ActiveCfg = Release|Any CPU
		{259180DA-CAB9-4CE5-BFF4-A8691CF2B77F}.Release|Any CPU.Build.0 = Release|Any CPU
		{B3687850-6070-45B6-9B53-33325A00294B}.Debug|Any CPU.ActiveCfg = Debug|Any CPU
		{B3687850-6070-45B6-9B53-33325A00294B}.Debug|Any CPU.Build.0 = Debug|Any CPU
		{B3687850-6070-45B6-9B53-33325A00294B}.Release|Any CPU.ActiveCfg = Release|Any CPU
		{B3687850-6070-45B6-9B53-33325A00294B}.Release|Any CPU.Build.0 = Release|Any CPU
	EndGlobalSection
	GlobalSection(SolutionProperties) = preSolution
		HideSolutionNode = FALSE
	EndGlobalSection
	GlobalSection(NestedProjects) = preSolution
		{6F548654-23D8-4293-892A-5572E6D0A0E4} = {F01B61E3-05C5-4DB9-9118-CCB3999FD839}
		{78D249B3-F8A1-4879-AB42-4EDAE90F2AE4} = {20EE59CE-473D-482C-9873-4373EA4F8850}
		{EE884736-C26D-4931-A2C5-CB2BC6857D5B} = {F01B61E3-05C5-4DB9-9118-CCB3999FD839}
		{53A94847-EB38-411F-9875-D125C285E080} = {20EE59CE-473D-482C-9873-4373EA4F8850}
		{259180DA-CAB9-4CE5-BFF4-A8691CF2B77F} = {F01B61E3-05C5-4DB9-9118-CCB3999FD839}
		{B3687850-6070-45B6-9B53-33325A00294B} = {20EE59CE-473D-482C-9873-4373EA4F8850}
	EndGlobalSection
EndGlobal
